
Microsoft Visual Studio Solution File, Format Version 12.00
# Visual Studio 15
VisualStudioVersion = 15.0.28307.421
MinimumVisualStudioVersion = 10.0.40219.1
Project("{FAE04EC0-301F-11D3-BF4B-00C04F79EFBC}") = "IMClient", "IMClient\IMClient.csproj", "{70E1AF80-2EA1-41FA-93B2-1359279E40F7}"
EndProject
Project("{FAE04EC0-301F-11D3-BF4B-00C04F79EFBC}") = "IMClientLib", "IMClientLib\IMClientLib.csproj", "{89476EC6-F6E0-40CB-92E8-9AE190CD7B7F}"
EndProject
Global
	GlobalSection(SolutionConfigurationPlatforms) = preSolution
		Debug|Any CPU = Debug|Any CPU
		Release|Any CPU = Release|Any CPU
	EndGlobalSection
	GlobalSection(ProjectConfigurationPlatforms) = postSolution
		{70E1AF80-2EA1-41FA-93B2-1359279E40F7}.Debug|Any CPU.ActiveCfg = Debug|Any CPU
		{70E1AF80-2EA1-41FA-93B2-1359279E40F7}.Debug|Any CPU.Build.0 = Debug|Any CPU
		{70E1AF80-2EA1-41FA-93B2-1359279E40F7}.Release|Any CPU.ActiveCfg = Release|Any CPU
		{70E1AF80-2EA1-41FA-93B2-1359279E40F7}.Release|Any CPU.Build.0 = Release|Any CPU
		{89476EC6-F6E0-40CB-92E8-9AE190CD7B7F}.Debug|Any CPU.ActiveCfg = Debug|Any CPU
		{89476EC6-F6E0-40CB-92E8-9AE190CD7B7F}.Debug|Any CPU.Build.0 = Debug|Any CPU
		{89476EC6-F6E0-40CB-92E8-9AE190CD7B7F}.Release|Any CPU.ActiveCfg = Release|Any CPU
		{89476EC6-F6E0-40CB-92E8-9AE190CD7B7F}.Release|Any CPU.Build.0 = Release|Any CPU
	EndGlobalSection
	GlobalSection(SolutionProperties) = preSolution
		HideSolutionNode = FALSE
	EndGlobalSection
	GlobalSection(ExtensibilityGlobals) = postSolution
		SolutionGuid = {48C08FD5-7BB1-473C-AB4B-AEDE94425539}
	EndGlobalSection
EndGlobal
